// !$*UTF8*$!
{
	archiveVersion = 1;
	classes = {
	};
	objectVersion = 55;
	objects = {

/* Begin PBXBuildFile section */
		B1A5B19628B0058B00AD58E4 /* NSObject+.swift in Sources */ = {isa = PBXBuildFile; fileRef = B1A5B19528B0058B00AD58E4 /* NSObject+.swift */; };
		B1C5416328AFB7B900DE2E32 /* AppDelegate.swift in Sources */ = {isa = PBXBuildFile; fileRef = B1C5416228AFB7B900DE2E32 /* AppDelegate.swift */; };
		B1C5416528AFB7B900DE2E32 /* SceneDelegate.swift in Sources */ = {isa = PBXBuildFile; fileRef = B1C5416428AFB7B900DE2E32 /* SceneDelegate.swift */; };
		B1C5416C28AFB7BC00DE2E32 /* Assets.xcassets in Resources */ = {isa = PBXBuildFile; fileRef = B1C5416B28AFB7BC00DE2E32 /* Assets.xcassets */; };
		B1C5416F28AFB7BC00DE2E32 /* LaunchScreen.storyboard in Resources */ = {isa = PBXBuildFile; fileRef = B1C5416D28AFB7BC00DE2E32 /* LaunchScreen.storyboard */; };
		B1C5417728AFBF9B00DE2E32 /* GoogleService-Info.plist in Resources */ = {isa = PBXBuildFile; fileRef = B1C5417628AFBF9B00DE2E32 /* GoogleService-Info.plist */; };
		B1C5417A28AFC04700DE2E32 /* FirebaseAuth in Frameworks */ = {isa = PBXBuildFile; productRef = B1C5417928AFC04700DE2E32 /* FirebaseAuth */; };
		B1C5417C28AFC04700DE2E32 /* FirebaseDatabase in Frameworks */ = {isa = PBXBuildFile; productRef = B1C5417B28AFC04700DE2E32 /* FirebaseDatabase */; };
		B1C5417E28AFC04700DE2E32 /* FirebaseDatabaseSwift in Frameworks */ = {isa = PBXBuildFile; productRef = B1C5417D28AFC04700DE2E32 /* FirebaseDatabaseSwift */; };
		B1C5418028AFC04700DE2E32 /* FirebaseMessaging in Frameworks */ = {isa = PBXBuildFile; productRef = B1C5417F28AFC04700DE2E32 /* FirebaseMessaging */; };
		B1C5418328AFC08800DE2E32 /* RxCocoa in Frameworks */ = {isa = PBXBuildFile; productRef = B1C5418228AFC08800DE2E32 /* RxCocoa */; };
		B1C5418528AFC08800DE2E32 /* RxRelay in Frameworks */ = {isa = PBXBuildFile; productRef = B1C5418428AFC08800DE2E32 /* RxRelay */; };
		B1C5418728AFC08800DE2E32 /* RxSwift in Frameworks */ = {isa = PBXBuildFile; productRef = B1C5418628AFC08800DE2E32 /* RxSwift */; };
		B1C5418A28AFC10500DE2E32 /* SnapKit in Frameworks */ = {isa = PBXBuildFile; productRef = B1C5418928AFC10500DE2E32 /* SnapKit */; };
		B1C5418D28AFC13000DE2E32 /* AuthViewController.swift in Sources */ = {isa = PBXBuildFile; fileRef = B1C5418C28AFC13000DE2E32 /* AuthViewController.swift */; };
		B1C5418F28AFE21800DE2E32 /* StringSet.swift in Sources */ = {isa = PBXBuildFile; fileRef = B1C5418E28AFE21800DE2E32 /* StringSet.swift */; };
		B1E157F128B05D1500CACD60 /* MapViewController.swift in Sources */ = {isa = PBXBuildFile; fileRef = B1E157F028B05D1500CACD60 /* MapViewController.swift */; };
		B1E157F328B06DD100CACD60 /* WebViewController.swift in Sources */ = {isa = PBXBuildFile; fileRef = B1E157F228B06DD100CACD60 /* WebViewController.swift */; };
		B1E157F528B06F7900CACD60 /* UIViewController+.swift in Sources */ = {isa = PBXBuildFile; fileRef = B1E157F428B06F7900CACD60 /* UIViewController+.swift */; };
		B1E157F828B0935D00CACD60 /* RoomTableViewController.swift in Sources */ = {isa = PBXBuildFile; fileRef = B1E157F728B0935D00CACD60 /* RoomTableViewController.swift */; };
		B1E157FC28B096C600CACD60 /* RoomTableViewCell.swift in Sources */ = {isa = PBXBuildFile; fileRef = B1E157FB28B096C600CACD60 /* RoomTableViewCell.swift */; };
		B1E157FE28B0A25600CACD60 /* Room.swift in Sources */ = {isa = PBXBuildFile; fileRef = B1E157FD28B0A25600CACD60 /* Room.swift */; };
		B1E1580128B0A81E00CACD60 /* ColorSet.swift in Sources */ = {isa = PBXBuildFile; fileRef = B1E1580028B0A81E00CACD60 /* ColorSet.swift */; };
		B1E1580328B0AD0500CACD60 /* MyPageViewController.swift in Sources */ = {isa = PBXBuildFile; fileRef = B1E1580228B0AD0400CACD60 /* MyPageViewController.swift */; };
/* End PBXBuildFile section */

/* Begin PBXFileReference section */
		B1A5B19528B0058B00AD58E4 /* NSObject+.swift */ = {isa = PBXFileReference; lastKnownFileType = sourcecode.swift; path = "NSObject+.swift"; sourceTree = "<group>"; };
		B1C5415F28AFB7B900DE2E32 /* colocation-ios-app.app */ = {isa = PBXFileReference; explicitFileType = wrapper.application; includeInIndex = 0; path = "colocation-ios-app.app"; sourceTree = BUILT_PRODUCTS_DIR; };
		B1C5416228AFB7B900DE2E32 /* AppDelegate.swift */ = {isa = PBXFileReference; lastKnownFileType = sourcecode.swift; path = AppDelegate.swift; sourceTree = "<group>"; };
		B1C5416428AFB7B900DE2E32 /* SceneDelegate.swift */ = {isa = PBXFileReference; lastKnownFileType = sourcecode.swift; path = SceneDelegate.swift; sourceTree = "<group>"; };
		B1C5416B28AFB7BC00DE2E32 /* Assets.xcassets */ = {isa = PBXFileReference; lastKnownFileType = folder.assetcatalog; path = Assets.xcassets; sourceTree = "<group>"; };
		B1C5416E28AFB7BC00DE2E32 /* Base */ = {isa = PBXFileReference; lastKnownFileType = file.storyboard; name = Base; path = Base.lproj/LaunchScreen.storyboard; sourceTree = "<group>"; };
		B1C5417028AFB7BC00DE2E32 /* Info.plist */ = {isa = PBXFileReference; lastKnownFileType = text.plist.xml; path = Info.plist; sourceTree = "<group>"; };
		B1C5417628AFBF9B00DE2E32 /* GoogleService-Info.plist */ = {isa = PBXFileReference; fileEncoding = 4; lastKnownFileType = text.plist.xml; path = "GoogleService-Info.plist"; sourceTree = "<group>"; };
		B1C5418C28AFC13000DE2E32 /* AuthViewController.swift */ = {isa = PBXFileReference; lastKnownFileType = sourcecode.swift; path = AuthViewController.swift; sourceTree = "<group>"; };
		B1C5418E28AFE21800DE2E32 /* StringSet.swift */ = {isa = PBXFileReference; lastKnownFileType = sourcecode.swift; path = StringSet.swift; sourceTree = "<group>"; };
		B1E157F028B05D1500CACD60 /* MapViewController.swift */ = {isa = PBXFileReference; lastKnownFileType = sourcecode.swift; path = MapViewController.swift; sourceTree = "<group>"; };
		B1E157F228B06DD100CACD60 /* WebViewController.swift */ = {isa = PBXFileReference; lastKnownFileType = sourcecode.swift; path = WebViewController.swift; sourceTree = "<group>"; };
		B1E157F428B06F7900CACD60 /* UIViewController+.swift */ = {isa = PBXFileReference; lastKnownFileType = sourcecode.swift; path = "UIViewController+.swift"; sourceTree = "<group>"; };
		B1E157F728B0935D00CACD60 /* RoomTableViewController.swift */ = {isa = PBXFileReference; lastKnownFileType = sourcecode.swift; path = RoomTableViewController.swift; sourceTree = "<group>"; };
		B1E157FB28B096C600CACD60 /* RoomTableViewCell.swift */ = {isa = PBXFileReference; lastKnownFileType = sourcecode.swift; path = RoomTableViewCell.swift; sourceTree = "<group>"; };
		B1E157FD28B0A25600CACD60 /* Room.swift */ = {isa = PBXFileReference; lastKnownFileType = sourcecode.swift; path = Room.swift; sourceTree = "<group>"; };
		B1E1580028B0A81E00CACD60 /* ColorSet.swift */ = {isa = PBXFileReference; lastKnownFileType = sourcecode.swift; path = ColorSet.swift; sourceTree = "<group>"; };
		B1E1580228B0AD0400CACD60 /* MyPageViewController.swift */ = {isa = PBXFileReference; lastKnownFileType = sourcecode.swift; path = MyPageViewController.swift; sourceTree = "<group>"; };
/* End PBXFileReference section */

/* Begin PBXFrameworksBuildPhase section */
		B1C5415C28AFB7B900DE2E32 /* Frameworks */ = {
			isa = PBXFrameworksBuildPhase;
			buildActionMask = 2147483647;
			files = (
				B1C5418528AFC08800DE2E32 /* RxRelay in Frameworks */,
				B1C5418A28AFC10500DE2E32 /* SnapKit in Frameworks */,
				B1C5418028AFC04700DE2E32 /* FirebaseMessaging in Frameworks */,
				B1C5417E28AFC04700DE2E32 /* FirebaseDatabaseSwift in Frameworks */,
				B1C5418328AFC08800DE2E32 /* RxCocoa in Frameworks */,
				B1C5417C28AFC04700DE2E32 /* FirebaseDatabase in Frameworks */,
				B1C5417A28AFC04700DE2E32 /* FirebaseAuth in Frameworks */,
				B1C5418728AFC08800DE2E32 /* RxSwift in Frameworks */,
			);
			runOnlyForDeploymentPostprocessing = 0;
		};
/* End PBXFrameworksBuildPhase section */

/* Begin PBXGroup section */
		B1C5415628AFB7B900DE2E32 = {
			isa = PBXGroup;
			children = (
				B1C5416128AFB7B900DE2E32 /* colocation-ios-app */,
				B1C5416028AFB7B900DE2E32 /* Products */,
			);
			sourceTree = "<group>";
		};
		B1C5416028AFB7B900DE2E32 /* Products */ = {
			isa = PBXGroup;
			children = (
				B1C5415F28AFB7B900DE2E32 /* colocation-ios-app.app */,
			);
			name = Products;
			sourceTree = "<group>";
		};
		B1C5416128AFB7B900DE2E32 /* colocation-ios-app */ = {
			isa = PBXGroup;
			children = (
				B1C5416228AFB7B900DE2E32 /* AppDelegate.swift */,
				B1C5416428AFB7B900DE2E32 /* SceneDelegate.swift */,
				B1E157F628B07A4100CACD60 /* WebView */,
				B1E157F928B0936100CACD60 /* Room */,
				B1C5419328AFE2D800DE2E32 /* Map */,
				B1C5418B28AFC12300DE2E32 /* Auth */,
				B1E1580428B0AE5600CACD60 /* MyPage */,
				B1E157FF28B0A25800CACD60 /* Model */,
				B1C5419028AFE21B00DE2E32 /* Commons */,
				B1C5419C28AFEF9A00DE2E32 /* Extension */,
				B1C5416B28AFB7BC00DE2E32 /* Assets.xcassets */,
				B1C5416D28AFB7BC00DE2E32 /* LaunchScreen.storyboard */,
				B1C5417028AFB7BC00DE2E32 /* Info.plist */,
				B1C5417628AFBF9B00DE2E32 /* GoogleService-Info.plist */,
			);
			path = "colocation-ios-app";
			sourceTree = "<group>";
		};
		B1C5418B28AFC12300DE2E32 /* Auth */ = {
			isa = PBXGroup;
			children = (
				B1C5418C28AFC13000DE2E32 /* AuthViewController.swift */,
			);
			path = Auth;
			sourceTree = "<group>";
		};
		B1C5419028AFE21B00DE2E32 /* Commons */ = {
			isa = PBXGroup;
			children = (
				B1C5418E28AFE21800DE2E32 /* StringSet.swift */,
				B1E1580028B0A81E00CACD60 /* ColorSet.swift */,
			);
			name = Commons;
			sourceTree = "<group>";
		};
		B1C5419328AFE2D800DE2E32 /* Map */ = {
			isa = PBXGroup;
			children = (
				B1E157F028B05D1500CACD60 /* MapViewController.swift */,
			);
			path = Map;
			sourceTree = "<group>";
		};
		B1C5419C28AFEF9A00DE2E32 /* Extension */ = {
			isa = PBXGroup;
			children = (
				B1A5B19528B0058B00AD58E4 /* NSObject+.swift */,
				B1E157F428B06F7900CACD60 /* UIViewController+.swift */,
			);
			path = Extension;
			sourceTree = "<group>";
		};
		B1E157F628B07A4100CACD60 /* WebView */ = {
			isa = PBXGroup;
			children = (
				B1E157F228B06DD100CACD60 /* WebViewController.swift */,
			);
			path = WebView;
			sourceTree = "<group>";
		};
		B1E157F928B0936100CACD60 /* Room */ = {
			isa = PBXGroup;
			children = (
				B1E157F728B0935D00CACD60 /* RoomTableViewController.swift */,
				B1E157FA28B095B700CACD60 /* Cell */,
			);
			path = Room;
			sourceTree = "<group>";
		};
		B1E157FA28B095B700CACD60 /* Cell */ = {
			isa = PBXGroup;
			children = (
				B1E157FB28B096C600CACD60 /* RoomTableViewCell.swift */,
			);
			path = Cell;
			sourceTree = "<group>";
		};
		B1E157FF28B0A25800CACD60 /* Model */ = {
			isa = PBXGroup;
			children = (
				B1E157FD28B0A25600CACD60 /* Room.swift */,
			);
			path = Model;
			sourceTree = "<group>";
		};
		B1E1580428B0AE5600CACD60 /* MyPage */ = {
			isa = PBXGroup;
			children = (
				B1E1580228B0AD0400CACD60 /* MyPageViewController.swift */,
			);
			path = MyPage;
			sourceTree = "<group>";
		};
/* End PBXGroup section */

/* Begin PBXNativeTarget section */
		B1C5415E28AFB7B900DE2E32 /* colocation-ios-app */ = {
			isa = PBXNativeTarget;
			buildConfigurationList = B1C5417328AFB7BC00DE2E32 /* Build configuration list for PBXNativeTarget "colocation-ios-app" */;
			buildPhases = (
				B1C5415B28AFB7B900DE2E32 /* Sources */,
				B1C5415C28AFB7B900DE2E32 /* Frameworks */,
				B1C5415D28AFB7B900DE2E32 /* Resources */,
			);
			buildRules = (
			);
			dependencies = (
			);
			name = "colocation-ios-app";
			packageProductDependencies = (
				B1C5417928AFC04700DE2E32 /* FirebaseAuth */,
				B1C5417B28AFC04700DE2E32 /* FirebaseDatabase */,
				B1C5417D28AFC04700DE2E32 /* FirebaseDatabaseSwift */,
				B1C5417F28AFC04700DE2E32 /* FirebaseMessaging */,
				B1C5418228AFC08800DE2E32 /* RxCocoa */,
				B1C5418428AFC08800DE2E32 /* RxRelay */,
				B1C5418628AFC08800DE2E32 /* RxSwift */,
				B1C5418928AFC10500DE2E32 /* SnapKit */,
			);
			productName = "colocation-ios-app";
			productReference = B1C5415F28AFB7B900DE2E32 /* colocation-ios-app.app */;
			productType = "com.apple.product-type.application";
		};
/* End PBXNativeTarget section */

/* Begin PBXProject section */
		B1C5415728AFB7B900DE2E32 /* Project object */ = {
			isa = PBXProject;
			attributes = {
				BuildIndependentTargetsInParallel = 1;
				LastSwiftUpdateCheck = 1340;
				LastUpgradeCheck = 1340;
				TargetAttributes = {
					B1C5415E28AFB7B900DE2E32 = {
						CreatedOnToolsVersion = 13.4.1;
					};
				};
			};
			buildConfigurationList = B1C5415A28AFB7B900DE2E32 /* Build configuration list for PBXProject "colocation-ios-app" */;
			compatibilityVersion = "Xcode 13.0";
			developmentRegion = en;
			hasScannedForEncodings = 0;
			knownRegions = (
				en,
				Base,
			);
			mainGroup = B1C5415628AFB7B900DE2E32;
			packageReferences = (
				B1C5417828AFC04700DE2E32 /* XCRemoteSwiftPackageReference "firebase-ios-sdk" */,
				B1C5418128AFC08800DE2E32 /* XCRemoteSwiftPackageReference "RxSwift" */,
				B1C5418828AFC10500DE2E32 /* XCRemoteSwiftPackageReference "SnapKit" */,
			);
			productRefGroup = B1C5416028AFB7B900DE2E32 /* Products */;
			projectDirPath = "";
			projectRoot = "";
			targets = (
				B1C5415E28AFB7B900DE2E32 /* colocation-ios-app */,
			);
		};
/* End PBXProject section */

/* Begin PBXResourcesBuildPhase section */
		B1C5415D28AFB7B900DE2E32 /* Resources */ = {
			isa = PBXResourcesBuildPhase;
			buildActionMask = 2147483647;
			files = (
				B1C5416F28AFB7BC00DE2E32 /* LaunchScreen.storyboard in Resources */,
				B1C5417728AFBF9B00DE2E32 /* GoogleService-Info.plist in Resources */,
				B1C5416C28AFB7BC00DE2E32 /* Assets.xcassets in Resources */,
			);
			runOnlyForDeploymentPostprocessing = 0;
		};
/* End PBXResourcesBuildPhase section */

/* Begin PBXSourcesBuildPhase section */
		B1C5415B28AFB7B900DE2E32 /* Sources */ = {
			isa = PBXSourcesBuildPhase;
			buildActionMask = 2147483647;
			files = (
				B1C5418D28AFC13000DE2E32 /* AuthViewController.swift in Sources */,
				B1C5418F28AFE21800DE2E32 /* StringSet.swift in Sources */,
				B1E157F528B06F7900CACD60 /* UIViewController+.swift in Sources */,
				B1E157F128B05D1500CACD60 /* MapViewController.swift in Sources */,
				B1E1580128B0A81E00CACD60 /* ColorSet.swift in Sources */,
				B1C5416328AFB7B900DE2E32 /* AppDelegate.swift in Sources */,
				B1E157FE28B0A25600CACD60 /* Room.swift in Sources */,
				B1E1580328B0AD0500CACD60 /* MyPageViewController.swift in Sources */,
				B1E157F828B0935D00CACD60 /* RoomTableViewController.swift in Sources */,
				B1E157FC28B096C600CACD60 /* RoomTableViewCell.swift in Sources */,
				B1E157F328B06DD100CACD60 /* WebViewController.swift in Sources */,
				B1A5B19628B0058B00AD58E4 /* NSObject+.swift in Sources */,
				B1C5416528AFB7B900DE2E32 /* SceneDelegate.swift in Sources */,
			);
			runOnlyForDeploymentPostprocessing = 0;
		};
/* End PBXSourcesBuildPhase section */

/* Begin PBXVariantGroup section */
		B1C5416D28AFB7BC00DE2E32 /* LaunchScreen.storyboard */ = {
			isa = PBXVariantGroup;
			children = (
				B1C5416E28AFB7BC00DE2E32 /* Base */,
			);
			name = LaunchScreen.storyboard;
			sourceTree = "<group>";
		};
/* End PBXVariantGroup section */

/* Begin XCBuildConfiguration section */
		B1C5417128AFB7BC00DE2E32 /* Debug */ = {
			isa = XCBuildConfiguration;
			buildSettings = {
				ALWAYS_SEARCH_USER_PATHS = NO;
				CLANG_ANALYZER_NONNULL = YES;
				CLANG_ANALYZER_NUMBER_OBJECT_CONVERSION = YES_AGGRESSIVE;
				CLANG_CXX_LANGUAGE_STANDARD = "gnu++17";
				CLANG_ENABLE_MODULES = YES;
				CLANG_ENABLE_OBJC_ARC = YES;
				CLANG_ENABLE_OBJC_WEAK = YES;
				CLANG_WARN_BLOCK_CAPTURE_AUTORELEASING = YES;
				CLANG_WARN_BOOL_CONVERSION = YES;
				CLANG_WARN_COMMA = YES;
				CLANG_WARN_CONSTANT_CONVERSION = YES;
				CLANG_WARN_DEPRECATED_OBJC_IMPLEMENTATIONS = YES;
				CLANG_WARN_DIRECT_OBJC_ISA_USAGE = YES_ERROR;
				CLANG_WARN_DOCUMENTATION_COMMENTS = YES;
				CLANG_WARN_EMPTY_BODY = YES;
				CLANG_WARN_ENUM_CONVERSION = YES;
				CLANG_WARN_INFINITE_RECURSION = YES;
				CLANG_WARN_INT_CONVERSION = YES;
				CLANG_WARN_NON_LITERAL_NULL_CONVERSION = YES;
				CLANG_WARN_OBJC_IMPLICIT_RETAIN_SELF = YES;
				CLANG_WARN_OBJC_LITERAL_CONVERSION = YES;
				CLANG_WARN_OBJC_ROOT_CLASS = YES_ERROR;
				CLANG_WARN_QUOTED_INCLUDE_IN_FRAMEWORK_HEADER = YES;
				CLANG_WARN_RANGE_LOOP_ANALYSIS = YES;
				CLANG_WARN_STRICT_PROTOTYPES = YES;
				CLANG_WARN_SUSPICIOUS_MOVE = YES;
				CLANG_WARN_UNGUARDED_AVAILABILITY = YES_AGGRESSIVE;
				CLANG_WARN_UNREACHABLE_CODE = YES;
				CLANG_WARN__DUPLICATE_METHOD_MATCH = YES;
				COPY_PHASE_STRIP = NO;
				DEBUG_INFORMATION_FORMAT = dwarf;
				ENABLE_STRICT_OBJC_MSGSEND = YES;
				ENABLE_TESTABILITY = YES;
				GCC_C_LANGUAGE_STANDARD = gnu11;
				GCC_DYNAMIC_NO_PIC = NO;
				GCC_NO_COMMON_BLOCKS = YES;
				GCC_OPTIMIZATION_LEVEL = 0;
				GCC_PREPROCESSOR_DEFINITIONS = (
					"DEBUG=1",
					"$(inherited)",
				);
				GCC_WARN_64_TO_32_BIT_CONVERSION = YES;
				GCC_WARN_ABOUT_RETURN_TYPE = YES_ERROR;
				GCC_WARN_UNDECLARED_SELECTOR = YES;
				GCC_WARN_UNINITIALIZED_AUTOS = YES_AGGRESSIVE;
				GCC_WARN_UNUSED_FUNCTION = YES;
				GCC_WARN_UNUSED_VARIABLE = YES;
				IPHONEOS_DEPLOYMENT_TARGET = 15.5;
				MTL_ENABLE_DEBUG_INFO = INCLUDE_SOURCE;
				MTL_FAST_MATH = YES;
				ONLY_ACTIVE_ARCH = YES;
				SDKROOT = iphoneos;
				SWIFT_ACTIVE_COMPILATION_CONDITIONS = DEBUG;
				SWIFT_OPTIMIZATION_LEVEL = "-Onone";
			};
			name = Debug;
		};
		B1C5417228AFB7BC00DE2E32 /* Release */ = {
			isa = XCBuildConfiguration;
			buildSettings = {
				ALWAYS_SEARCH_USER_PATHS = NO;
				CLANG_ANALYZER_NONNULL = YES;
				CLANG_ANALYZER_NUMBER_OBJECT_CONVERSION = YES_AGGRESSIVE;
				CLANG_CXX_LANGUAGE_STANDARD = "gnu++17";
				CLANG_ENABLE_MODULES = YES;
				CLANG_ENABLE_OBJC_ARC = YES;
				CLANG_ENABLE_OBJC_WEAK = YES;
				CLANG_WARN_BLOCK_CAPTURE_AUTORELEASING = YES;
				CLANG_WARN_BOOL_CONVERSION = YES;
				CLANG_WARN_COMMA = YES;
				CLANG_WARN_CONSTANT_CONVERSION = YES;
				CLANG_WARN_DEPRECATED_OBJC_IMPLEMENTATIONS = YES;
				CLANG_WARN_DIRECT_OBJC_ISA_USAGE = YES_ERROR;
				CLANG_WARN_DOCUMENTATION_COMMENTS = YES;
				CLANG_WARN_EMPTY_BODY = YES;
				CLANG_WARN_ENUM_CONVERSION = YES;
				CLANG_WARN_INFINITE_RECURSION = YES;
				CLANG_WARN_INT_CONVERSION = YES;
				CLANG_WARN_NON_LITERAL_NULL_CONVERSION = YES;
				CLANG_WARN_OBJC_IMPLICIT_RETAIN_SELF = YES;
				CLANG_WARN_OBJC_LITERAL_CONVERSION = YES;
				CLANG_WARN_OBJC_ROOT_CLASS = YES_ERROR;
				CLANG_WARN_QUOTED_INCLUDE_IN_FRAMEWORK_HEADER = YES;
				CLANG_WARN_RANGE_LOOP_ANALYSIS = YES;
				CLANG_WARN_STRICT_PROTOTYPES = YES;
				CLANG_WARN_SUSPICIOUS_MOVE = YES;
				CLANG_WARN_UNGUARDED_AVAILABILITY = YES_AGGRESSIVE;
				CLANG_WARN_UNREACHABLE_CODE = YES;
				CLANG_WARN__DUPLICATE_METHOD_MATCH = YES;
				COPY_PHASE_STRIP = NO;
				DEBUG_INFORMATION_FORMAT = "dwarf-with-dsym";
				ENABLE_NS_ASSERTIONS = NO;
				ENABLE_STRICT_OBJC_MSGSEND = YES;
				GCC_C_LANGUAGE_STANDARD = gnu11;
				GCC_NO_COMMON_BLOCKS = YES;
				GCC_WARN_64_TO_32_BIT_CONVERSION = YES;
				GCC_WARN_ABOUT_RETURN_TYPE = YES_ERROR;
				GCC_WARN_UNDECLARED_SELECTOR = YES;
				GCC_WARN_UNINITIALIZED_AUTOS = YES_AGGRESSIVE;
				GCC_WARN_UNUSED_FUNCTION = YES;
				GCC_WARN_UNUSED_VARIABLE = YES;
				IPHONEOS_DEPLOYMENT_TARGET = 15.5;
				MTL_ENABLE_DEBUG_INFO = NO;
				MTL_FAST_MATH = YES;
				SDKROOT = iphoneos;
				SWIFT_COMPILATION_MODE = wholemodule;
				SWIFT_OPTIMIZATION_LEVEL = "-O";
				VALIDATE_PRODUCT = YES;
			};
			name = Release;
		};
		B1C5417428AFB7BC00DE2E32 /* Debug */ = {
			isa = XCBuildConfiguration;
			buildSettings = {
				ASSETCATALOG_COMPILER_APPICON_NAME = AppIcon;
				ASSETCATALOG_COMPILER_GLOBAL_ACCENT_COLOR_NAME = AccentColor;
				CODE_SIGN_STYLE = Automatic;
				CURRENT_PROJECT_VERSION = 1;
				DEVELOPMENT_TEAM = 38PD5AHVVF;
				GENERATE_INFOPLIST_FILE = YES;
				INFOPLIST_FILE = "colocation-ios-app/Info.plist";
				INFOPLIST_KEY_UIApplicationSupportsIndirectInputEvents = YES;
				INFOPLIST_KEY_UILaunchStoryboardName = LaunchScreen;
				INFOPLIST_KEY_UISupportedInterfaceOrientations_iPad = "UIInterfaceOrientationPortrait UIInterfaceOrientationPortraitUpsideDown UIInterfaceOrientationLandscapeLeft UIInterfaceOrientationLandscapeRight";
				INFOPLIST_KEY_UISupportedInterfaceOrientations_iPhone = "UIInterfaceOrientationPortrait UIInterfaceOrientationLandscapeLeft UIInterfaceOrientationLandscapeRight";
				LD_RUNPATH_SEARCH_PATHS = (
					"$(inherited)",
					"@executable_path/Frameworks",
				);
				MARKETING_VERSION = 1.0.0;
				PRODUCT_BUNDLE_IDENTIFIER = com.ios.colocation;
				PRODUCT_NAME = "$(TARGET_NAME)";
				SWIFT_EMIT_LOC_STRINGS = YES;
				SWIFT_VERSION = 5.0;
				TARGETED_DEVICE_FAMILY = "1,2";
			};
			name = Debug;
		};
		B1C5417528AFB7BC00DE2E32 /* Release */ = {
			isa = XCBuildConfiguration;
			buildSettings = {
				ASSETCATALOG_COMPILER_APPICON_NAME = AppIcon;
				ASSETCATALOG_COMPILER_GLOBAL_ACCENT_COLOR_NAME = AccentColor;
				CODE_SIGN_STYLE = Automatic;
				CURRENT_PROJECT_VERSION = 1;
				DEVELOPMENT_TEAM = 38PD5AHVVF;
				GENERATE_INFOPLIST_FILE = YES;
				INFOPLIST_FILE = "colocation-ios-app/Info.plist";
				INFOPLIST_KEY_UIApplicationSupportsIndirectInputEvents = YES;
				INFOPLIST_KEY_UILaunchStoryboardName = LaunchScreen;
				INFOPLIST_KEY_UISupportedInterfaceOrientations_iPad = "UIInterfaceOrientationPortrait UIInterfaceOrientationPortraitUpsideDown UIInterfaceOrientationLandscapeLeft UIInterfaceOrientationLandscapeRight";
				INFOPLIST_KEY_UISupportedInterfaceOrientations_iPhone = "UIInterfaceOrientationPortrait UIInterfaceOrientationLandscapeLeft UIInterfaceOrientationLandscapeRight";
				LD_RUNPATH_SEARCH_PATHS = (
					"$(inherited)",
					"@executable_path/Frameworks",
				);
				MARKETING_VERSION = 1.0.0;
				PRODUCT_BUNDLE_IDENTIFIER = com.ios.colocation;
				PRODUCT_NAME = "$(TARGET_NAME)";
				SWIFT_EMIT_LOC_STRINGS = YES;
				SWIFT_VERSION = 5.0;
				TARGETED_DEVICE_FAMILY = "1,2";
			};
			name = Release;
		};
/* End XCBuildConfiguration section */

/* Begin XCConfigurationList section */
		B1C5415A28AFB7B900DE2E32 /* Build configuration list for PBXProject "colocation-ios-app" */ = {
			isa = XCConfigurationList;
			buildConfigurations = (
				B1C5417128AFB7BC00DE2E32 /* Debug */,
				B1C5417228AFB7BC00DE2E32 /* Release */,
			);
			defaultConfigurationIsVisible = 0;
			defaultConfigurationName = Release;
		};
		B1C5417328AFB7BC00DE2E32 /* Build configuration list for PBXNativeTarget "colocation-ios-app" */ = {
			isa = XCConfigurationList;
			buildConfigurations = (
				B1C5417428AFB7BC00DE2E32 /* Debug */,
				B1C5417528AFB7BC00DE2E32 /* Release */,
			);
			defaultConfigurationIsVisible = 0;
			defaultConfigurationName = Release;
		};
/* End XCConfigurationList section */

/* Begin XCRemoteSwiftPackageReference section */
		B1C5417828AFC04700DE2E32 /* XCRemoteSwiftPackageReference "firebase-ios-sdk" */ = {
			isa = XCRemoteSwiftPackageReference;
			repositoryURL = "https://github.com/firebase/firebase-ios-sdk";
			requirement = {
				kind = upToNextMinorVersion;
				minimumVersion = 9.4.0;
			};
		};
		B1C5418128AFC08800DE2E32 /* XCRemoteSwiftPackageReference "RxSwift" */ = {
			isa = XCRemoteSwiftPackageReference;
			repositoryURL = "https://github.com/ReactiveX/RxSwift";
			requirement = {
				kind = upToNextMinorVersion;
				minimumVersion = 6.5.0;
			};
		};
		B1C5418828AFC10500DE2E32 /* XCRemoteSwiftPackageReference "SnapKit" */ = {
			isa = XCRemoteSwiftPackageReference;
			repositoryURL = "https://github.com/SnapKit/SnapKit";
			requirement = {
				kind = upToNextMinorVersion;
				minimumVersion = 5.6.0;
			};
		};
/* End XCRemoteSwiftPackageReference section */

/* Begin XCSwiftPackageProductDependency section */
		B1C5417928AFC04700DE2E32 /* FirebaseAuth */ = {
			isa = XCSwiftPackageProductDependency;
			package = B1C5417828AFC04700DE2E32 /* XCRemoteSwiftPackageReference "firebase-ios-sdk" */;
			productName = FirebaseAuth;
		};
		B1C5417B28AFC04700DE2E32 /* FirebaseDatabase */ = {
			isa = XCSwiftPackageProductDependency;
			package = B1C5417828AFC04700DE2E32 /* XCRemoteSwiftPackageReference "firebase-ios-sdk" */;
			productName = FirebaseDatabase;
		};
		B1C5417D28AFC04700DE2E32 /* FirebaseDatabaseSwift */ = {
			isa = XCSwiftPackageProductDependency;
			package = B1C5417828AFC04700DE2E32 /* XCRemoteSwiftPackageReference "firebase-ios-sdk" */;
			productName = FirebaseDatabaseSwift;
		};
		B1C5417F28AFC04700DE2E32 /* FirebaseMessaging */ = {
			isa = XCSwiftPackageProductDependency;
			package = B1C5417828AFC04700DE2E32 /* XCRemoteSwiftPackageReference "firebase-ios-sdk" */;
			productName = FirebaseMessaging;
		};
		B1C5418228AFC08800DE2E32 /* RxCocoa */ = {
			isa = XCSwiftPackageProductDependency;
			package = B1C5418128AFC08800DE2E32 /* XCRemoteSwiftPackageReference "RxSwift" */;
			productName = RxCocoa;
		};
		B1C5418428AFC08800DE2E32 /* RxRelay */ = {
			isa = XCSwiftPackageProductDependency;
			package = B1C5418128AFC08800DE2E32 /* XCRemoteSwiftPackageReference "RxSwift" */;
			productName = RxRelay;
		};
		B1C5418628AFC08800DE2E32 /* RxSwift */ = {
			isa = XCSwiftPackageProductDependency;
			package = B1C5418128AFC08800DE2E32 /* XCRemoteSwiftPackageReference "RxSwift" */;
			productName = RxSwift;
		};
		B1C5418928AFC10500DE2E32 /* SnapKit */ = {
			isa = XCSwiftPackageProductDependency;
			package = B1C5418828AFC10500DE2E32 /* XCRemoteSwiftPackageReference "SnapKit" */;
			productName = SnapKit;
		};
/* End XCSwiftPackageProductDependency section */
	};
	rootObject = B1C5415728AFB7B900DE2E32 /* Project object */;
}
